
Microsoft Visual Studio Solution File, Format Version 12.00
# Visual Studio Version 16
VisualStudioVersion = 16.0.29613.14
MinimumVisualStudioVersion = 10.0.40219.1
Project("{FAE04EC0-301F-11D3-BF4B-00C04F79EFBC}") = "CrudExemplos", "CrudExemplos\CrudExemplos.csproj", "{9A440720-2F9E-46DC-A882-04FE28BF4A00}"
EndProject
Global
	GlobalSection(SolutionConfigurationPlatforms) = preSolution
		Debug|Any CPU = Debug|Any CPU
		Release|Any CPU = Release|Any CPU
	EndGlobalSection
	GlobalSection(ProjectConfigurationPlatforms) = postSolution
		{9A440720-2F9E-46DC-A882-04FE28BF4A00}.Debug|Any CPU.ActiveCfg = Debug|Any CPU
		{9A440720-2F9E-46DC-A882-04FE28BF4A00}.Debug|Any CPU.Build.0 = Debug|Any CPU
		{9A440720-2F9E-46DC-A882-04FE28BF4A00}.Release|Any CPU.ActiveCfg = Release|Any CPU
		{9A440720-2F9E-46DC-A882-04FE28BF4A00}.Release|Any CPU.Build.0 = Release|Any CPU
	EndGlobalSection
	GlobalSection(SolutionProperties) = preSolution
		HideSolutionNode = FALSE
	EndGlobalSection
	GlobalSection(ExtensibilityGlobals) = postSolution
		SolutionGuid = {998B6FC6-43E6-44E7-A6D5-261EBF963B05}
	EndGlobalSection
EndGlobal
